{
  "name": "datanews.io",
  "lockfileVersion": 3,
  "requires": true,
  "packages": {
    "": {
      "dependencies": {
        "slidePage": "^3.2.7"
      }
    },
    "node_modules/slidePage": {
      "version": "3.2.7",
      "resolved": "https://registry.npmmirror.com/slidePage/-/slidePage-3.2.7.tgz",
      "integrity": "sha512-ESMcVg0VWyftz1x88RcaC2bwDj5gm6z5Q6c2WBp1YY91k+Vq6DAzFbo7aUQtEgCTesMC9UdHwJMsTmRToK+eGg=="
    }
  }
}
